
Microsoft Visual Studio Solution File, Format Version 12.00
# Visual Studio Version 16
VisualStudioVersion = 16.0.31829.152
MinimumVisualStudioVersion = 10.0.40219.1
Project("{FAE04EC0-301F-11D3-BF4B-00C04F79EFBC}") = "WpfApplab15", "WpfApplab15.csproj", "{C308F5ED-9CCC-4911-90E9-FAA90F3B978F}"
EndProject
Global
	GlobalSection(SolutionConfigurationPlatforms) = preSolution
		Debug|Any CPU = Debug|Any CPU
		Release|Any CPU = Release|Any CPU
	EndGlobalSection
	GlobalSection(ProjectConfigurationPlatforms) = postSolution
		{C308F5ED-9CCC-4911-90E9-FAA90F3B978F}.Debug|Any CPU.ActiveCfg = Debug|Any CPU
		{C308F5ED-9CCC-4911-90E9-FAA90F3B978F}.Debug|Any CPU.Build.0 = Debug|Any CPU
		{C308F5ED-9CCC-4911-90E9-FAA90F3B978F}.Release|Any CPU.ActiveCfg = Release|Any CPU
		{C308F5ED-9CCC-4911-90E9-FAA90F3B978F}.Release|Any CPU.Build.0 = Release|Any CPU
	EndGlobalSection
	GlobalSection(SolutionProperties) = preSolution
		HideSolutionNode = FALSE
	EndGlobalSection
	GlobalSection(ExtensibilityGlobals) = postSolution
		SolutionGuid = {AC2B06B3-9113-4B75-845E-7A1420F2262D}
	EndGlobalSection
EndGlobal
